
Microsoft Visual Studio Solution File, Format Version 12.00
# Visual Studio Version 17
VisualStudioVersion = 17.8.34330.188
MinimumVisualStudioVersion = 10.0.40219.1
Project("{FAE04EC0-301F-11D3-BF4B-00C04F79EFBC}") = "APIWithRazorViewService", "APIWithRazorViewService.csproj", "{0E86E5AE-C0DE-4E8E-98A1-DF93A8D51A00}"
EndProject
Global
	GlobalSection(SolutionConfigurationPlatforms) = preSolution
		Debug|Any CPU = Debug|Any CPU
		Release|Any CPU = Release|Any CPU
	EndGlobalSection
	GlobalSection(ProjectConfigurationPlatforms) = postSolution
		{0E86E5AE-C0DE-4E8E-98A1-DF93A8D51A00}.Debug|Any CPU.ActiveCfg = Debug|Any CPU
		{0E86E5AE-C0DE-4E8E-98A1-DF93A8D51A00}.Debug|Any CPU.Build.0 = Debug|Any CPU
		{0E86E5AE-C0DE-4E8E-98A1-DF93A8D51A00}.Release|Any CPU.ActiveCfg = Release|Any CPU
		{0E86E5AE-C0DE-4E8E-98A1-DF93A8D51A00}.Release|Any CPU.Build.0 = Release|Any CPU
	EndGlobalSection
	GlobalSection(SolutionProperties) = preSolution
		HideSolutionNode = FALSE
	EndGlobalSection
	GlobalSection(ExtensibilityGlobals) = postSolution
		SolutionGuid = {9E755AB1-0EB0-43A4-A2EE-10706A66FC5A}
	EndGlobalSection
EndGlobal
